// !$*UTF8*$!
{
	archiveVersion = 1;
	classes = {
	};
	objectVersion = 55;
	objects = {

/* Begin PBXBuildFile section */
		4196AC652890EB4E00C68E05 /* project_8_astronutApp.swift in Sources */ = {isa = PBXBuildFile; fileRef = 4196AC642890EB4E00C68E05 /* project_8_astronutApp.swift */; };
		4196AC672890EB4E00C68E05 /* ContentView.swift in Sources */ = {isa = PBXBuildFile; fileRef = 4196AC662890EB4E00C68E05 /* ContentView.swift */; };
		4196AC692890EB4F00C68E05 /* Assets.xcassets in Resources */ = {isa = PBXBuildFile; fileRef = 4196AC682890EB4F00C68E05 /* Assets.xcassets */; };
		4196AC6C2890EB4F00C68E05 /* Preview Assets.xcassets in Resources */ = {isa = PBXBuildFile; fileRef = 4196AC6B2890EB4F00C68E05 /* Preview Assets.xcassets */; };
		4196AC752890EB9400C68E05 /* astronnuts.swiift.swift in Sources */ = {isa = PBXBuildFile; fileRef = 4196AC742890EB9400C68E05 /* astronnuts.swiift.swift */; };
		4196AC772890EBB700C68E05 /* astronauts.json in Resources */ = {isa = PBXBuildFile; fileRef = 4196AC762890EBB700C68E05 /* astronauts.json */; };
		4196AC792890EBC300C68E05 /* Bundle-Deecodable.swift in Sources */ = {isa = PBXBuildFile; fileRef = 4196AC782890EBC300C68E05 /* Bundle-Deecodable.swift */; };
		4196AC7B2890EBD800C68E05 /* missions.json in Resources */ = {isa = PBXBuildFile; fileRef = 4196AC7A2890EBD800C68E05 /* missions.json */; };
		4196AC7D2890F28700C68E05 /* missions.swift in Sources */ = {isa = PBXBuildFile; fileRef = 4196AC7C2890F28700C68E05 /* missions.swift */; };
		41A1DB34289238810068FFC8 /* gridlayout.swift in Sources */ = {isa = PBXBuildFile; fileRef = 41A1DB33289238810068FFC8 /* gridlayout.swift */; };
		41A1DB3628923BC90068FFC8 /* ListLayout.swift in Sources */ = {isa = PBXBuildFile; fileRef = 41A1DB3528923BC90068FFC8 /* ListLayout.swift */; };
		41A380322891080B001A1C7E /* color-theme.swift in Sources */ = {isa = PBXBuildFile; fileRef = 41A380312891080B001A1C7E /* color-theme.swift */; };
		41A380342891157D001A1C7E /* MissionView.swift in Sources */ = {isa = PBXBuildFile; fileRef = 41A380332891157D001A1C7E /* MissionView.swift */; };
		41E6A5CE289164B100FCA6B8 /* AstronutView.swift in Sources */ = {isa = PBXBuildFile; fileRef = 41E6A5CD289164B100FCA6B8 /* AstronutView.swift */; };
/* End PBXBuildFile section */

/* Begin PBXFileReference section */
		4196AC612890EB4E00C68E05 /* project-8-astronut.app */ = {isa = PBXFileReference; explicitFileType = wrapper.application; includeInIndex = 0; path = "project-8-astronut.app"; sourceTree = BUILT_PRODUCTS_DIR; };
		4196AC642890EB4E00C68E05 /* project_8_astronutApp.swift */ = {isa = PBXFileReference; lastKnownFileType = sourcecode.swift; path = project_8_astronutApp.swift; sourceTree = "<group>"; };
		4196AC662890EB4E00C68E05 /* ContentView.swift */ = {isa = PBXFileReference; lastKnownFileType = sourcecode.swift; path = ContentView.swift; sourceTree = "<group>"; };
		4196AC682890EB4F00C68E05 /* Assets.xcassets */ = {isa = PBXFileReference; lastKnownFileType = folder.assetcatalog; path = Assets.xcassets; sourceTree = "<group>"; };
		4196AC6B2890EB4F00C68E05 /* Preview Assets.xcassets */ = {isa = PBXFileReference; lastKnownFileType = folder.assetcatalog; path = "Preview Assets.xcassets"; sourceTree = "<group>"; };
		4196AC742890EB9400C68E05 /* astronnuts.swiift.swift */ = {isa = PBXFileReference; fileEncoding = 4; lastKnownFileType = sourcecode.swift; path = astronnuts.swiift.swift; sourceTree = "<group>"; };
		4196AC762890EBB700C68E05 /* astronauts.json */ = {isa = PBXFileReference; fileEncoding = 4; lastKnownFileType = text.json; path = astronauts.json; sourceTree = "<group>"; };
		4196AC782890EBC300C68E05 /* Bundle-Deecodable.swift */ = {isa = PBXFileReference; fileEncoding = 4; lastKnownFileType = sourcecode.swift; path = "Bundle-Deecodable.swift"; sourceTree = "<group>"; };
		4196AC7A2890EBD800C68E05 /* missions.json */ = {isa = PBXFileReference; fileEncoding = 4; lastKnownFileType = text.json; path = missions.json; sourceTree = "<group>"; };
		4196AC7C2890F28700C68E05 /* missions.swift */ = {isa = PBXFileReference; lastKnownFileType = sourcecode.swift; path = missions.swift; sourceTree = "<group>"; };
		41A1DB33289238810068FFC8 /* gridlayout.swift */ = {isa = PBXFileReference; lastKnownFileType = sourcecode.swift; path = gridlayout.swift; sourceTree = "<group>"; };
		41A1DB3528923BC90068FFC8 /* ListLayout.swift */ = {isa = PBXFileReference; lastKnownFileType = sourcecode.swift; path = ListLayout.swift; sourceTree = "<group>"; };
		41A380312891080B001A1C7E /* color-theme.swift */ = {isa = PBXFileReference; lastKnownFileType = sourcecode.swift; path = "color-theme.swift"; sourceTree = "<group>"; };
		41A380332891157D001A1C7E /* MissionView.swift */ = {isa = PBXFileReference; lastKnownFileType = sourcecode.swift; path = MissionView.swift; sourceTree = "<group>"; };
		41E6A5CD289164B100FCA6B8 /* AstronutView.swift */ = {isa = PBXFileReference; lastKnownFileType = sourcecode.swift; path = AstronutView.swift; sourceTree = "<group>"; };
/* End PBXFileReference section */

/* Begin PBXFrameworksBuildPhase section */
		4196AC5E2890EB4E00C68E05 /* Frameworks */ = {
			isa = PBXFrameworksBuildPhase;
			buildActionMask = 2147483647;
			files = (
			);
			runOnlyForDeploymentPostprocessing = 0;
		};
/* End PBXFrameworksBuildPhase section */

/* Begin PBXGroup section */
		4196AC582890EB4E00C68E05 = {
			isa = PBXGroup;
			children = (
				4196AC632890EB4E00C68E05 /* project-8-astronut */,
				4196AC622890EB4E00C68E05 /* Products */,
			);
			sourceTree = "<group>";
		};
		4196AC622890EB4E00C68E05 /* Products */ = {
			isa = PBXGroup;
			children = (
				4196AC612890EB4E00C68E05 /* project-8-astronut.app */,
			);
			name = Products;
			sourceTree = "<group>";
		};
		4196AC632890EB4E00C68E05 /* project-8-astronut */ = {
			isa = PBXGroup;
			children = (
				4196AC642890EB4E00C68E05 /* project_8_astronutApp.swift */,
				4196AC782890EBC300C68E05 /* Bundle-Deecodable.swift */,
				4196AC662890EB4E00C68E05 /* ContentView.swift */,
				41A380332891157D001A1C7E /* MissionView.swift */,
				41A1DB33289238810068FFC8 /* gridlayout.swift */,
				41A1DB3528923BC90068FFC8 /* ListLayout.swift */,
				41E6A5CD289164B100FCA6B8 /* AstronutView.swift */,
				41A380312891080B001A1C7E /* color-theme.swift */,
				4196AC762890EBB700C68E05 /* astronauts.json */,
				4196AC742890EB9400C68E05 /* astronnuts.swiift.swift */,
				4196AC7A2890EBD800C68E05 /* missions.json */,
				4196AC7C2890F28700C68E05 /* missions.swift */,
				4196AC682890EB4F00C68E05 /* Assets.xcassets */,
				4196AC6A2890EB4F00C68E05 /* Preview Content */,
			);
			path = "project-8-astronut";
			sourceTree = "<group>";
		};
		4196AC6A2890EB4F00C68E05 /* Preview Content */ = {
			isa = PBXGroup;
			children = (
				4196AC6B2890EB4F00C68E05 /* Preview Assets.xcassets */,
			);
			path = "Preview Content";
			sourceTree = "<group>";
		};
/* End PBXGroup section */

/* Begin PBXNativeTarget section */
		4196AC602890EB4E00C68E05 /* project-8-astronut */ = {
			isa = PBXNativeTarget;
			buildConfigurationList = 4196AC6F2890EB4F00C68E05 /* Build configuration list for PBXNativeTarget "project-8-astronut" */;
			buildPhases = (
				4196AC5D2890EB4E00C68E05 /* Sources */,
				4196AC5E2890EB4E00C68E05 /* Frameworks */,
				4196AC5F2890EB4E00C68E05 /* Resources */,
			);
			buildRules = (
			);
			dependencies = (
			);
			name = "project-8-astronut";
			productName = "project-8-astronut";
			productReference = 4196AC612890EB4E00C68E05 /* project-8-astronut.app */;
			productType = "com.apple.product-type.application";
		};
/* End PBXNativeTarget section */

/* Begin PBXProject section */
		4196AC592890EB4E00C68E05 /* Project object */ = {
			isa = PBXProject;
			attributes = {
				BuildIndependentTargetsInParallel = 1;
				LastSwiftUpdateCheck = 1340;
				LastUpgradeCheck = 1340;
				TargetAttributes = {
					4196AC602890EB4E00C68E05 = {
						CreatedOnToolsVersion = 13.4.1;
					};
				};
			};
			buildConfigurationList = 4196AC5C2890EB4E00C68E05 /* Build configuration list for PBXProject "project-8-astronut" */;
			compatibilityVersion = "Xcode 13.0";
			developmentRegion = en;
			hasScannedForEncodings = 0;
			knownRegions = (
				en,
				Base,
			);
			mainGroup = 4196AC582890EB4E00C68E05;
			productRefGroup = 4196AC622890EB4E00C68E05 /* Products */;
			projectDirPath = "";
			projectRoot = "";
			targets = (
				4196AC602890EB4E00C68E05 /* project-8-astronut */,
			);
		};
/* End PBXProject section */

/* Begin PBXResourcesBuildPhase section */
		4196AC5F2890EB4E00C68E05 /* Resources */ = {
			isa = PBXResourcesBuildPhase;
			buildActionMask = 2147483647;
			files = (
				4196AC772890EBB700C68E05 /* astronauts.json in Resources */,
				4196AC6C2890EB4F00C68E05 /* Preview Assets.xcassets in Resources */,
				4196AC7B2890EBD800C68E05 /* missions.json in Resources */,
				4196AC692890EB4F00C68E05 /* Assets.xcassets in Resources */,
			);
			runOnlyForDeploymentPostprocessing = 0;
		};
/* End PBXResourcesBuildPhase section */

/* Begin PBXSourcesBuildPhase section */
		4196AC5D2890EB4E00C68E05 /* Sources */ = {
			isa = PBXSourcesBuildPhase;
			buildActionMask = 2147483647;
			files = (
				41E6A5CE289164B100FCA6B8 /* AstronutView.swift in Sources */,
				41A380342891157D001A1C7E /* MissionView.swift in Sources */,
				4196AC752890EB9400C68E05 /* astronnuts.swiift.swift in Sources */,
				41A1DB3628923BC90068FFC8 /* ListLayout.swift in Sources */,
				41A1DB34289238810068FFC8 /* gridlayout.swift in Sources */,
				4196AC792890EBC300C68E05 /* Bundle-Deecodable.swift in Sources */,
				4196AC7D2890F28700C68E05 /* missions.swift in Sources */,
				4196AC672890EB4E00C68E05 /* ContentView.swift in Sources */,
				4196AC652890EB4E00C68E05 /* project_8_astronutApp.swift in Sources */,
				41A380322891080B001A1C7E /* color-theme.swift in Sources */,
			);
			runOnlyForDeploymentPostprocessing = 0;
		};
/* End PBXSourcesBuildPhase section */

/* Begin XCBuildConfiguration section */
		4196AC6D2890EB4F00C68E05 /* Debug */ = {
			isa = XCBuildConfiguration;
			buildSettings = {
				ALWAYS_SEARCH_USER_PATHS = NO;
				CLANG_ANALYZER_NONNULL = YES;
				CLANG_ANALYZER_NUMBER_OBJECT_CONVERSION = YES_AGGRESSIVE;
				CLANG_CXX_LANGUAGE_STANDARD = "gnu++17";
				CLANG_ENABLE_MODULES = YES;
				CLANG_ENABLE_OBJC_ARC = YES;
				CLANG_ENABLE_OBJC_WEAK = YES;
				CLANG_WARN_BLOCK_CAPTURE_AUTORELEASING = YES;
				CLANG_WARN_BOOL_CONVERSION = YES;
				CLANG_WARN_COMMA = YES;
				CLANG_WARN_CONSTANT_CONVERSION = YES;
				CLANG_WARN_DEPRECATED_OBJC_IMPLEMENTATIONS = YES;
				CLANG_WARN_DIRECT_OBJC_ISA_USAGE = YES_ERROR;
				CLANG_WARN_DOCUMENTATION_COMMENTS = YES;
				CLANG_WARN_EMPTY_BODY = YES;
				CLANG_WARN_ENUM_CONVERSION = YES;
				CLANG_WARN_INFINITE_RECURSION = YES;
				CLANG_WARN_INT_CONVERSION = YES;
				CLANG_WARN_NON_LITERAL_NULL_CONVERSION = YES;
				CLANG_WARN_OBJC_IMPLICIT_RETAIN_SELF = YES;
				CLANG_WARN_OBJC_LITERAL_CONVERSION = YES;
				CLANG_WARN_OBJC_ROOT_CLASS = YES_ERROR;
				CLANG_WARN_QUOTED_INCLUDE_IN_FRAMEWORK_HEADER = YES;
				CLANG_WARN_RANGE_LOOP_ANALYSIS = YES;
				CLANG_WARN_STRICT_PROTOTYPES = YES;
				CLANG_WARN_SUSPICIOUS_MOVE = YES;
				CLANG_WARN_UNGUARDED_AVAILABILITY = YES_AGGRESSIVE;
				CLANG_WARN_UNREACHABLE_CODE = YES;
				CLANG_WARN__DUPLICATE_METHOD_MATCH = YES;
				COPY_PHASE_STRIP = NO;
				DEBUG_INFORMATION_FORMAT = dwarf;
				ENABLE_STRICT_OBJC_MSGSEND = YES;
				ENABLE_TESTABILITY = YES;
				GCC_C_LANGUAGE_STANDARD = gnu11;
				GCC_DYNAMIC_NO_PIC = NO;
				GCC_NO_COMMON_BLOCKS = YES;
				GCC_OPTIMIZATION_LEVEL = 0;
				GCC_PREPROCESSOR_DEFINITIONS = (
					"DEBUG=1",
					"$(inherited)",
				);
				GCC_WARN_64_TO_32_BIT_CONVERSION = YES;
				GCC_WARN_ABOUT_RETURN_TYPE = YES_ERROR;
				GCC_WARN_UNDECLARED_SELECTOR = YES;
				GCC_WARN_UNINITIALIZED_AUTOS = YES_AGGRESSIVE;
				GCC_WARN_UNUSED_FUNCTION = YES;
				GCC_WARN_UNUSED_VARIABLE = YES;
				IPHONEOS_DEPLOYMENT_TARGET = 15.5;
				MTL_ENABLE_DEBUG_INFO = INCLUDE_SOURCE;
				MTL_FAST_MATH = YES;
				ONLY_ACTIVE_ARCH = YES;
				SDKROOT = iphoneos;
				SWIFT_ACTIVE_COMPILATION_CONDITIONS = DEBUG;
				SWIFT_OPTIMIZATION_LEVEL = "-Onone";
			};
			name = Debug;
		};
		4196AC6E2890EB4F00C68E05 /* Release */ = {
			isa = XCBuildConfiguration;
			buildSettings = {
				ALWAYS_SEARCH_USER_PATHS = NO;
				CLANG_ANALYZER_NONNULL = YES;
				CLANG_ANALYZER_NUMBER_OBJECT_CONVERSION = YES_AGGRESSIVE;
				CLANG_CXX_LANGUAGE_STANDARD = "gnu++17";
				CLANG_ENABLE_MODULES = YES;
				CLANG_ENABLE_OBJC_ARC = YES;
				CLANG_ENABLE_OBJC_WEAK = YES;
				CLANG_WARN_BLOCK_CAPTURE_AUTORELEASING = YES;
				CLANG_WARN_BOOL_CONVERSION = YES;
				CLANG_WARN_COMMA = YES;
				CLANG_WARN_CONSTANT_CONVERSION = YES;
				CLANG_WARN_DEPRECATED_OBJC_IMPLEMENTATIONS = YES;
				CLANG_WARN_DIRECT_OBJC_ISA_USAGE = YES_ERROR;
				CLANG_WARN_DOCUMENTATION_COMMENTS = YES;
				CLANG_WARN_EMPTY_BODY = YES;
				CLANG_WARN_ENUM_CONVERSION = YES;
				CLANG_WARN_INFINITE_RECURSION = YES;
				CLANG_WARN_INT_CONVERSION = YES;
				CLANG_WARN_NON_LITERAL_NULL_CONVERSION = YES;
				CLANG_WARN_OBJC_IMPLICIT_RETAIN_SELF = YES;
				CLANG_WARN_OBJC_LITERAL_CONVERSION = YES;
				CLANG_WARN_OBJC_ROOT_CLASS = YES_ERROR;
				CLANG_WARN_QUOTED_INCLUDE_IN_FRAMEWORK_HEADER = YES;
				CLANG_WARN_RANGE_LOOP_ANALYSIS = YES;
				CLANG_WARN_STRICT_PROTOTYPES = YES;
				CLANG_WARN_SUSPICIOUS_MOVE = YES;
				CLANG_WARN_UNGUARDED_AVAILABILITY = YES_AGGRESSIVE;
				CLANG_WARN_UNREACHABLE_CODE = YES;
				CLANG_WARN__DUPLICATE_METHOD_MATCH = YES;
				COPY_PHASE_STRIP = NO;
				DEBUG_INFORMATION_FORMAT = "dwarf-with-dsym";
				ENABLE_NS_ASSERTIONS = NO;
				ENABLE_STRICT_OBJC_MSGSEND = YES;
				GCC_C_LANGUAGE_STANDARD = gnu11;
				GCC_NO_COMMON_BLOCKS = YES;
				GCC_WARN_64_TO_32_BIT_CONVERSION = YES;
				GCC_WARN_ABOUT_RETURN_TYPE = YES_ERROR;
				GCC_WARN_UNDECLARED_SELECTOR = YES;
				GCC_WARN_UNINITIALIZED_AUTOS = YES_AGGRESSIVE;
				GCC_WARN_UNUSED_FUNCTION = YES;
				GCC_WARN_UNUSED_VARIABLE = YES;
				IPHONEOS_DEPLOYMENT_TARGET = 15.5;
				MTL_ENABLE_DEBUG_INFO = NO;
				MTL_FAST_MATH = YES;
				SDKROOT = iphoneos;
				SWIFT_COMPILATION_MODE = wholemodule;
				SWIFT_OPTIMIZATION_LEVEL = "-O";
				VALIDATE_PRODUCT = YES;
			};
			name = Release;
		};
		4196AC702890EB4F00C68E05 /* Debug */ = {
			isa = XCBuildConfiguration;
			buildSettings = {
				ASSETCATALOG_COMPILER_APPICON_NAME = AppIcon;
				ASSETCATALOG_COMPILER_GLOBAL_ACCENT_COLOR_NAME = AccentColor;
				CODE_SIGN_STYLE = Automatic;
				CURRENT_PROJECT_VERSION = 1;
				DEVELOPMENT_ASSET_PATHS = "\"project-8-astronut/Preview Content\"";
				ENABLE_PREVIEWS = YES;
				GENERATE_INFOPLIST_FILE = YES;
				INFOPLIST_KEY_UIApplicationSceneManifest_Generation = YES;
				INFOPLIST_KEY_UIApplicationSupportsIndirectInputEvents = YES;
				INFOPLIST_KEY_UILaunchScreen_Generation = YES;
				INFOPLIST_KEY_UISupportedInterfaceOrientations_iPad = "UIInterfaceOrientationPortrait UIInterfaceOrientationPortraitUpsideDown UIInterfaceOrientationLandscapeLeft UIInterfaceOrientationLandscapeRight";
				INFOPLIST_KEY_UISupportedInterfaceOrientations_iPhone = "UIInterfaceOrientationPortrait UIInterfaceOrientationLandscapeLeft UIInterfaceOrientationLandscapeRight";
				LD_RUNPATH_SEARCH_PATHS = (
					"$(inherited)",
					"@executable_path/Frameworks",
				);
				MARKETING_VERSION = 1.0;
				PRODUCT_BUNDLE_IDENTIFIER = "com.project-8-astronut";
				PRODUCT_NAME = "$(TARGET_NAME)";
				SWIFT_EMIT_LOC_STRINGS = YES;
				SWIFT_VERSION = 5.0;
				TARGETED_DEVICE_FAMILY = "1,2";
			};
			name = Debug;
		};
		4196AC712890EB4F00C68E05 /* Release */ = {
			isa = XCBuildConfiguration;
			buildSettings = {
				ASSETCATALOG_COMPILER_APPICON_NAME = AppIcon;
				ASSETCATALOG_COMPILER_GLOBAL_ACCENT_COLOR_NAME = AccentColor;
				CODE_SIGN_STYLE = Automatic;
				CURRENT_PROJECT_VERSION = 1;
				DEVELOPMENT_ASSET_PATHS = "\"project-8-astronut/Preview Content\"";
				ENABLE_PREVIEWS = YES;
				GENERATE_INFOPLIST_FILE = YES;
				INFOPLIST_KEY_UIApplicationSceneManifest_Generation = YES;
				INFOPLIST_KEY_UIApplicationSupportsIndirectInputEvents = YES;
				INFOPLIST_KEY_UILaunchScreen_Generation = YES;
				INFOPLIST_KEY_UISupportedInterfaceOrientations_iPad = "UIInterfaceOrientationPortrait UIInterfaceOrientationPortraitUpsideDown UIInterfaceOrientationLandscapeLeft UIInterfaceOrientationLandscapeRight";
				INFOPLIST_KEY_UISupportedInterfaceOrientations_iPhone = "UIInterfaceOrientationPortrait UIInterfaceOrientationLandscapeLeft UIInterfaceOrientationLandscapeRight";
				LD_RUNPATH_SEARCH_PATHS = (
					"$(inherited)",
					"@executable_path/Frameworks",
				);
				MARKETING_VERSION = 1.0;
				PRODUCT_BUNDLE_IDENTIFIER = "com.project-8-astronut";
				PRODUCT_NAME = "$(TARGET_NAME)";
				SWIFT_EMIT_LOC_STRINGS = YES;
				SWIFT_VERSION = 5.0;
				TARGETED_DEVICE_FAMILY = "1,2";
			};
			name = Release;
		};
/* End XCBuildConfiguration section */

/* Begin XCConfigurationList section */
		4196AC5C2890EB4E00C68E05 /* Build configuration list for PBXProject "project-8-astronut" */ = {
			isa = XCConfigurationList;
			buildConfigurations = (
				4196AC6D2890EB4F00C68E05 /* Debug */,
				4196AC6E2890EB4F00C68E05 /* Release */,
			);
			defaultConfigurationIsVisible = 0;
			defaultConfigurationName = Release;
		};
		4196AC6F2890EB4F00C68E05 /* Build configuration list for PBXNativeTarget "project-8-astronut" */ = {
			isa = XCConfigurationList;
			buildConfigurations = (
				4196AC702890EB4F00C68E05 /* Debug */,
				4196AC712890EB4F00C68E05 /* Release */,
			);
			defaultConfigurationIsVisible = 0;
			defaultConfigurationName = Release;
		};
/* End XCConfigurationList section */
	};
	rootObject = 4196AC592890EB4E00C68E05 /* Project object */;
}
